{
  "originHash" : "04fa730e23dccf358f5feda0233a12a19d8e5b2ebaba1556d4f1073dd243ddf5",
  "pins" : [
    {
      "identity" : "launchatlogin",
      "kind" : "remoteSourceControl",
      "location" : "https://github.com/sindresorhus/LaunchAtLogin",
      "state" : {
        "branch" : "main",
        "revision" : "9a894d799269cb591037f9f9cb0961510d4dca81"
      }
    }
  ],
  "version" : 3
}
